
Microsoft Visual Studio Solution File, Format Version 12.00
# Visual Studio Version 17
VisualStudioVersion = 17.7.34003.232
MinimumVisualStudioVersion = 10.0.40219.1
Project("{FAE04EC0-301F-11D3-BF4B-00C04F79EFBC}") = "ControleContatos", "ControleContatos\ControleContatos.csproj", "{EDC31BA3-C27B-452E-9D36-439EC43CE0D4}"
EndProject
Global
	GlobalSection(SolutionConfigurationPlatforms) = preSolution
		Debug|Any CPU = Debug|Any CPU
		Release|Any CPU = Release|Any CPU
	EndGlobalSection
	GlobalSection(ProjectConfigurationPlatforms) = postSolution
		{EDC31BA3-C27B-452E-9D36-439EC43CE0D4}.Debug|Any CPU.ActiveCfg = Debug|Any CPU
		{EDC31BA3-C27B-452E-9D36-439EC43CE0D4}.Debug|Any CPU.Build.0 = Debug|Any CPU
		{EDC31BA3-C27B-452E-9D36-439EC43CE0D4}.Release|Any CPU.ActiveCfg = Release|Any CPU
		{EDC31BA3-C27B-452E-9D36-439EC43CE0D4}.Release|Any CPU.Build.0 = Release|Any CPU
	EndGlobalSection
	GlobalSection(SolutionProperties) = preSolution
		HideSolutionNode = FALSE
	EndGlobalSection
	GlobalSection(ExtensibilityGlobals) = postSolution
		SolutionGuid = {B014B1F3-304F-4D54-A0C2-51EF91A42D70}
	EndGlobalSection
EndGlobal
